
Microsoft Visual Studio Solution File, Format Version 12.00
# Visual Studio Version 16
VisualStudioVersion = 16.0.31313.79
MinimumVisualStudioVersion = 10.0.40219.1
Project("{FAE04EC0-301F-11D3-BF4B-00C04F79EFBC}") = "AporteCalleSantana3C", "AporteCalleSantana3C.csproj", "{FD422CC7-3972-4355-B093-CB137B5FE68B}"
EndProject
Global
	GlobalSection(SolutionConfigurationPlatforms) = preSolution
		Debug|Any CPU = Debug|Any CPU
		Release|Any CPU = Release|Any CPU
	EndGlobalSection
	GlobalSection(ProjectConfigurationPlatforms) = postSolution
		{FD422CC7-3972-4355-B093-CB137B5FE68B}.Debug|Any CPU.ActiveCfg = Debug|Any CPU
		{FD422CC7-3972-4355-B093-CB137B5FE68B}.Debug|Any CPU.Build.0 = Debug|Any CPU
		{FD422CC7-3972-4355-B093-CB137B5FE68B}.Release|Any CPU.ActiveCfg = Release|Any CPU
		{FD422CC7-3972-4355-B093-CB137B5FE68B}.Release|Any CPU.Build.0 = Release|Any CPU
	EndGlobalSection
	GlobalSection(SolutionProperties) = preSolution
		HideSolutionNode = FALSE
	EndGlobalSection
	GlobalSection(ExtensibilityGlobals) = postSolution
		SolutionGuid = {A1058ED7-F2BD-4CFE-AB97-BC13E9E2FB1B}
	EndGlobalSection
EndGlobal
